// !$*UTF8*$!
{
	archiveVersion = 1;
	classes = {
	};
	objectVersion = 46;
	objects = {

/* Begin PBXBuildFile section */
		9E012633451CEA7B72DB4A31 /* Pods_WeatherApp.framework in Frameworks */ = {isa = PBXBuildFile; fileRef = 2832B5A2A9FA2407ACE46D0E /* Pods_WeatherApp.framework */; };
		ACF852951C0B93250015FDF7 /* AppDelegate.swift in Sources */ = {isa = PBXBuildFile; fileRef = ACF852941C0B93250015FDF7 /* AppDelegate.swift */; };
		ACF852971C0B93250015FDF7 /* ViewController.swift in Sources */ = {isa = PBXBuildFile; fileRef = ACF852961C0B93250015FDF7 /* ViewController.swift */; };
		ACF8529A1C0B93250015FDF7 /* Main.storyboard in Resources */ = {isa = PBXBuildFile; fileRef = ACF852981C0B93250015FDF7 /* Main.storyboard */; };
		ACF8529C1C0B93250015FDF7 /* Assets.xcassets in Resources */ = {isa = PBXBuildFile; fileRef = ACF8529B1C0B93250015FDF7 /* Assets.xcassets */; };
		ACF8529F1C0B93250015FDF7 /* LaunchScreen.storyboard in Resources */ = {isa = PBXBuildFile; fileRef = ACF8529D1C0B93250015FDF7 /* LaunchScreen.storyboard */; };
		ACF852AD1C0B9B2E0015FDF7 /* Weather.swift in Sources */ = {isa = PBXBuildFile; fileRef = ACF852AC1C0B9B2E0015FDF7 /* Weather.swift */; };
/* End PBXBuildFile section */

/* Begin PBXFileReference section */
		2832B5A2A9FA2407ACE46D0E /* Pods_WeatherApp.framework */ = {isa = PBXFileReference; explicitFileType = wrapper.framework; includeInIndex = 0; path = Pods_WeatherApp.framework; sourceTree = BUILT_PRODUCTS_DIR; };
		7210A17791ADEA593DBED636 /* Pods-WeatherApp.debug.xcconfig */ = {isa = PBXFileReference; includeInIndex = 1; lastKnownFileType = text.xcconfig; name = "Pods-WeatherApp.debug.xcconfig"; path = "Pods/Target Support Files/Pods-WeatherApp/Pods-WeatherApp.debug.xcconfig"; sourceTree = "<group>"; };
		ACF852911C0B93250015FDF7 /* WeatherApp.app */ = {isa = PBXFileReference; explicitFileType = wrapper.application; includeInIndex = 0; path = WeatherApp.app; sourceTree = BUILT_PRODUCTS_DIR; };
		ACF852941C0B93250015FDF7 /* AppDelegate.swift */ = {isa = PBXFileReference; lastKnownFileType = sourcecode.swift; path = AppDelegate.swift; sourceTree = "<group>"; };
		ACF852961C0B93250015FDF7 /* ViewController.swift */ = {isa = PBXFileReference; lastKnownFileType = sourcecode.swift; path = ViewController.swift; sourceTree = "<group>"; };
		ACF852991C0B93250015FDF7 /* Base */ = {isa = PBXFileReference; lastKnownFileType = file.storyboard; name = Base; path = Base.lproj/Main.storyboard; sourceTree = "<group>"; };
		ACF8529B1C0B93250015FDF7 /* Assets.xcassets */ = {isa = PBXFileReference; lastKnownFileType = folder.assetcatalog; path = Assets.xcassets; sourceTree = "<group>"; };
		ACF8529E1C0B93250015FDF7 /* Base */ = {isa = PBXFileReference; lastKnownFileType = file.storyboard; name = Base; path = Base.lproj/LaunchScreen.storyboard; sourceTree = "<group>"; };
		ACF852A01C0B93250015FDF7 /* Info.plist */ = {isa = PBXFileReference; lastKnownFileType = text.plist.xml; path = Info.plist; sourceTree = "<group>"; };
		ACF852AC1C0B9B2E0015FDF7 /* Weather.swift */ = {isa = PBXFileReference; fileEncoding = 4; lastKnownFileType = sourcecode.swift; path = Weather.swift; sourceTree = "<group>"; };
		E09E95A409F305B0BA96E069 /* Pods-WeatherApp.release.xcconfig */ = {isa = PBXFileReference; includeInIndex = 1; lastKnownFileType = text.xcconfig; name = "Pods-WeatherApp.release.xcconfig"; path = "Pods/Target Support Files/Pods-WeatherApp/Pods-WeatherApp.release.xcconfig"; sourceTree = "<group>"; };
/* End PBXFileReference section */

/* Begin PBXFrameworksBuildPhase section */
		ACF8528E1C0B93250015FDF7 /* Frameworks */ = {
			isa = PBXFrameworksBuildPhase;
			buildActionMask = 2147483647;
			files = (
				9E012633451CEA7B72DB4A31 /* Pods_WeatherApp.framework in Frameworks */,
			);
			runOnlyForDeploymentPostprocessing = 0;
		};
/* End PBXFrameworksBuildPhase section */

/* Begin PBXGroup section */
		7A705BEC477A89BEE98ED176 /* Frameworks */ = {
			isa = PBXGroup;
			children = (
				2832B5A2A9FA2407ACE46D0E /* Pods_WeatherApp.framework */,
			);
			name = Frameworks;
			sourceTree = "<group>";
		};
		ACE387FE857F3914E11E1191 /* Pods */ = {
			isa = PBXGroup;
			children = (
				7210A17791ADEA593DBED636 /* Pods-WeatherApp.debug.xcconfig */,
				E09E95A409F305B0BA96E069 /* Pods-WeatherApp.release.xcconfig */,
			);
			name = Pods;
			sourceTree = "<group>";
		};
		ACF852881C0B93250015FDF7 = {
			isa = PBXGroup;
			children = (
				ACF852931C0B93250015FDF7 /* WeatherApp */,
				ACF852921C0B93250015FDF7 /* Products */,
				ACE387FE857F3914E11E1191 /* Pods */,
				7A705BEC477A89BEE98ED176 /* Frameworks */,
			);
			sourceTree = "<group>";
		};
		ACF852921C0B93250015FDF7 /* Products */ = {
			isa = PBXGroup;
			children = (
				ACF852911C0B93250015FDF7 /* WeatherApp.app */,
			);
			name = Products;
			sourceTree = "<group>";
		};
		ACF852931C0B93250015FDF7 /* WeatherApp */ = {
			isa = PBXGroup;
			children = (
				ACF852AB1C0B93E50015FDF7 /* Util */,
				ACF852AA1C0B93D70015FDF7 /* Resources */,
				ACF852A91C0B93C80015FDF7 /* Storyboard */,
				ACF852A81C0B93C20015FDF7 /* Controller */,
				ACF852A71C0B93BC0015FDF7 /* View */,
				ACF852A61C0B93B60015FDF7 /* Model */,
			);
			path = WeatherApp;
			sourceTree = "<group>";
		};
		ACF852A61C0B93B60015FDF7 /* Model */ = {
			isa = PBXGroup;
			children = (
				ACF852AC1C0B9B2E0015FDF7 /* Weather.swift */,
			);
			name = Model;
			sourceTree = "<group>";
		};
		ACF852A71C0B93BC0015FDF7 /* View */ = {
			isa = PBXGroup;
			children = (
			);
			name = View;
			sourceTree = "<group>";
		};
		ACF852A81C0B93C20015FDF7 /* Controller */ = {
			isa = PBXGroup;
			children = (
				ACF852961C0B93250015FDF7 /* ViewController.swift */,
			);
			name = Controller;
			sourceTree = "<group>";
		};
		ACF852A91C0B93C80015FDF7 /* Storyboard */ = {
			isa = PBXGroup;
			children = (
				ACF8529D1C0B93250015FDF7 /* LaunchScreen.storyboard */,
				ACF852981C0B93250015FDF7 /* Main.storyboard */,
			);
			name = Storyboard;
			sourceTree = "<group>";
		};
		ACF852AA1C0B93D70015FDF7 /* Resources */ = {
			isa = PBXGroup;
			children = (
				ACF852A01C0B93250015FDF7 /* Info.plist */,
				ACF8529B1C0B93250015FDF7 /* Assets.xcassets */,
			);
			name = Resources;
			sourceTree = "<group>";
		};
		ACF852AB1C0B93E50015FDF7 /* Util */ = {
			isa = PBXGroup;
			children = (
				ACF852941C0B93250015FDF7 /* AppDelegate.swift */,
			);
			name = Util;
			sourceTree = "<group>";
		};
/* End PBXGroup section */

/* Begin PBXNativeTarget section */
		ACF852901C0B93250015FDF7 /* WeatherApp */ = {
			isa = PBXNativeTarget;
			buildConfigurationList = ACF852A31C0B93250015FDF7 /* Build configuration list for PBXNativeTarget "WeatherApp" */;
			buildPhases = (
				76E602F2A9952A481927465A /* Check Pods Manifest.lock */,
				ACF8528D1C0B93250015FDF7 /* Sources */,
				ACF8528E1C0B93250015FDF7 /* Frameworks */,
				ACF8528F1C0B93250015FDF7 /* Resources */,
				F5C91116E12ABD37DB2B529C /* Embed Pods Frameworks */,
				F280AB673A7A0B23D678AC1C /* Copy Pods Resources */,
			);
			buildRules = (
			);
			dependencies = (
			);
			name = WeatherApp;
			productName = WeatherApp;
			productReference = ACF852911C0B93250015FDF7 /* WeatherApp.app */;
			productType = "com.apple.product-type.application";
		};
/* End PBXNativeTarget section */

/* Begin PBXProject section */
		ACF852891C0B93250015FDF7 /* Project object */ = {
			isa = PBXProject;
			attributes = {
				LastSwiftUpdateCheck = 0710;
				LastUpgradeCheck = 0710;
				ORGANIZATIONNAME = "Suthananth Arulanatham";
				TargetAttributes = {
					ACF852901C0B93250015FDF7 = {
						CreatedOnToolsVersion = 7.1.1;
					};
				};
			};
			buildConfigurationList = ACF8528C1C0B93250015FDF7 /* Build configuration list for PBXProject "WeatherApp" */;
			compatibilityVersion = "Xcode 3.2";
			developmentRegion = English;
			hasScannedForEncodings = 0;
			knownRegions = (
				en,
				Base,
			);
			mainGroup = ACF852881C0B93250015FDF7;
			productRefGroup = ACF852921C0B93250015FDF7 /* Products */;
			projectDirPath = "";
			projectRoot = "";
			targets = (
				ACF852901C0B93250015FDF7 /* WeatherApp */,
			);
		};
/* End PBXProject section */

/* Begin PBXResourcesBuildPhase section */
		ACF8528F1C0B93250015FDF7 /* Resources */ = {
			isa = PBXResourcesBuildPhase;
			buildActionMask = 2147483647;
			files = (
				ACF8529F1C0B93250015FDF7 /* LaunchScreen.storyboard in Resources */,
				ACF8529C1C0B93250015FDF7 /* Assets.xcassets in Resources */,
				ACF8529A1C0B93250015FDF7 /* Main.storyboard in Resources */,
			);
			runOnlyForDeploymentPostprocessing = 0;
		};
/* End PBXResourcesBuildPhase section */

/* Begin PBXShellScriptBuildPhase section */
		76E602F2A9952A481927465A /* Check Pods Manifest.lock */ = {
			isa = PBXShellScriptBuildPhase;
			buildActionMask = 2147483647;
			files = (
			);
			inputPaths = (
			);
			name = "Check Pods Manifest.lock";
			outputPaths = (
			);
			runOnlyForDeploymentPostprocessing = 0;
			shellPath = /bin/sh;
			shellScript = "diff \"${PODS_ROOT}/../Podfile.lock\" \"${PODS_ROOT}/Manifest.lock\" > /dev/null\nif [[ $? != 0 ]] ; then\n    cat << EOM\nerror: The sandbox is not in sync with the Podfile.lock. Run 'pod install' or update your CocoaPods installation.\nEOM\n    exit 1\nfi\n";
			showEnvVarsInLog = 0;
		};
		F280AB673A7A0B23D678AC1C /* Copy Pods Resources */ = {
			isa = PBXShellScriptBuildPhase;
			buildActionMask = 2147483647;
			files = (
			);
			inputPaths = (
			);
			name = "Copy Pods Resources";
			outputPaths = (
			);
			runOnlyForDeploymentPostprocessing = 0;
			shellPath = /bin/sh;
			shellScript = "\"${SRCROOT}/Pods/Target Support Files/Pods-WeatherApp/Pods-WeatherApp-resources.sh\"\n";
			showEnvVarsInLog = 0;
		};
		F5C91116E12ABD37DB2B529C /* Embed Pods Frameworks */ = {
			isa = PBXShellScriptBuildPhase;
			buildActionMask = 2147483647;
			files = (
			);
			inputPaths = (
			);
			name = "Embed Pods Frameworks";
			outputPaths = (
			);
			runOnlyForDeploymentPostprocessing = 0;
			shellPath = /bin/sh;
			shellScript = "\"${SRCROOT}/Pods/Target Support Files/Pods-WeatherApp/Pods-WeatherApp-frameworks.sh\"\n";
			showEnvVarsInLog = 0;
		};
/* End PBXShellScriptBuildPhase section */

/* Begin PBXSourcesBuildPhase section */
		ACF8528D1C0B93250015FDF7 /* Sources */ = {
			isa = PBXSourcesBuildPhase;
			buildActionMask = 2147483647;
			files = (
				ACF852971C0B93250015FDF7 /* ViewController.swift in Sources */,
				ACF852AD1C0B9B2E0015FDF7 /* Weather.swift in Sources */,
				ACF852951C0B93250015FDF7 /* AppDelegate.swift in Sources */,
			);
			runOnlyForDeploymentPostprocessing = 0;
		};
/* End PBXSourcesBuildPhase section */

/* Begin PBXVariantGroup section */
		ACF852981C0B93250015FDF7 /* Main.storyboard */ = {
			isa = PBXVariantGroup;
			children = (
				ACF852991C0B93250015FDF7 /* Base */,
			);
			name = Main.storyboard;
			sourceTree = "<group>";
		};
		ACF8529D1C0B93250015FDF7 /* LaunchScreen.storyboard */ = {
			isa = PBXVariantGroup;
			children = (
				ACF8529E1C0B93250015FDF7 /* Base */,
			);
			name = LaunchScreen.storyboard;
			sourceTree = "<group>";
		};
/* End PBXVariantGroup section */

/* Begin XCBuildConfiguration section */
		ACF852A11C0B93250015FDF7 /* Debug */ = {
			isa = XCBuildConfiguration;
			buildSettings = {
				ALWAYS_SEARCH_USER_PATHS = NO;
				CLANG_CXX_LANGUAGE_STANDARD = "gnu++0x";
				CLANG_CXX_LIBRARY = "libc++";
				CLANG_ENABLE_MODULES = YES;
				CLANG_ENABLE_OBJC_ARC = YES;
				CLANG_WARN_BOOL_CONVERSION = YES;
				CLANG_WARN_CONSTANT_CONVERSION = YES;
				CLANG_WARN_DIRECT_OBJC_ISA_USAGE = YES_ERROR;
				CLANG_WARN_EMPTY_BODY = YES;
				CLANG_WARN_ENUM_CONVERSION = YES;
				CLANG_WARN_INT_CONVERSION = YES;
				CLANG_WARN_OBJC_ROOT_CLASS = YES_ERROR;
				CLANG_WARN_UNREACHABLE_CODE = YES;
				CLANG_WARN__DUPLICATE_METHOD_MATCH = YES;
				"CODE_SIGN_IDENTITY[sdk=iphoneos*]" = "iPhone Developer";
				COPY_PHASE_STRIP = NO;
				DEBUG_INFORMATION_FORMAT = dwarf;
				ENABLE_STRICT_OBJC_MSGSEND = YES;
				ENABLE_TESTABILITY = YES;
				GCC_C_LANGUAGE_STANDARD = gnu99;
				GCC_DYNAMIC_NO_PIC = NO;
				GCC_NO_COMMON_BLOCKS = YES;
				GCC_OPTIMIZATION_LEVEL = 0;
				GCC_PREPROCESSOR_DEFINITIONS = (
					"DEBUG=1",
					"$(inherited)",
				);
				GCC_WARN_64_TO_32_BIT_CONVERSION = YES;
				GCC_WARN_ABOUT_RETURN_TYPE = YES_ERROR;
				GCC_WARN_UNDECLARED_SELECTOR = YES;
				GCC_WARN_UNINITIALIZED_AUTOS = YES_AGGRESSIVE;
				GCC_WARN_UNUSED_FUNCTION = YES;
				GCC_WARN_UNUSED_VARIABLE = YES;
				IPHONEOS_DEPLOYMENT_TARGET = 9.1;
				MTL_ENABLE_DEBUG_INFO = YES;
				ONLY_ACTIVE_ARCH = YES;
				SDKROOT = iphoneos;
				SWIFT_OPTIMIZATION_LEVEL = "-Onone";
			};
			name = Debug;
		};
		ACF852A21C0B93250015FDF7 /* Release */ = {
			isa = XCBuildConfiguration;
			buildSettings = {
				ALWAYS_SEARCH_USER_PATHS = NO;
				CLANG_CXX_LANGUAGE_STANDARD = "gnu++0x";
				CLANG_CXX_LIBRARY = "libc++";
				CLANG_ENABLE_MODULES = YES;
				CLANG_ENABLE_OBJC_ARC = YES;
				CLANG_WARN_BOOL_CONVERSION = YES;
				CLANG_WARN_CONSTANT_CONVERSION = YES;
				CLANG_WARN_DIRECT_OBJC_ISA_USAGE = YES_ERROR;
				CLANG_WARN_EMPTY_BODY = YES;
				CLANG_WARN_ENUM_CONVERSION = YES;
				CLANG_WARN_INT_CONVERSION = YES;
				CLANG_WARN_OBJC_ROOT_CLASS = YES_ERROR;
				CLANG_WARN_UNREACHABLE_CODE = YES;
				CLANG_WARN__DUPLICATE_METHOD_MATCH = YES;
				"CODE_SIGN_IDENTITY[sdk=iphoneos*]" = "iPhone Developer";
				COPY_PHASE_STRIP = NO;
				DEBUG_INFORMATION_FORMAT = "dwarf-with-dsym";
				ENABLE_NS_ASSERTIONS = NO;
				ENABLE_STRICT_OBJC_MSGSEND = YES;
				GCC_C_LANGUAGE_STANDARD = gnu99;
				GCC_NO_COMMON_BLOCKS = YES;
				GCC_WARN_64_TO_32_BIT_CONVERSION = YES;
				GCC_WARN_ABOUT_RETURN_TYPE = YES_ERROR;
				GCC_WARN_UNDECLARED_SELECTOR = YES;
				GCC_WARN_UNINITIALIZED_AUTOS = YES_AGGRESSIVE;
				GCC_WARN_UNUSED_FUNCTION = YES;
				GCC_WARN_UNUSED_VARIABLE = YES;
				IPHONEOS_DEPLOYMENT_TARGET = 9.1;
				MTL_ENABLE_DEBUG_INFO = NO;
				SDKROOT = iphoneos;
				VALIDATE_PRODUCT = YES;
			};
			name = Release;
		};
		ACF852A41C0B93250015FDF7 /* Debug */ = {
			isa = XCBuildConfiguration;
			baseConfigurationReference = 7210A17791ADEA593DBED636 /* Pods-WeatherApp.debug.xcconfig */;
			buildSettings = {
				ASSETCATALOG_COMPILER_APPICON_NAME = AppIcon;
				INFOPLIST_FILE = WeatherApp/Info.plist;
				LD_RUNPATH_SEARCH_PATHS = "$(inherited) @executable_path/Frameworks";
				PRODUCT_BUNDLE_IDENTIFIER = com.vikram.WeatherApp;
				PRODUCT_NAME = "$(TARGET_NAME)";
			};
			name = Debug;
		};
		ACF852A51C0B93250015FDF7 /* Release */ = {
			isa = XCBuildConfiguration;
			baseConfigurationReference = E09E95A409F305B0BA96E069 /* Pods-WeatherApp.release.xcconfig */;
			buildSettings = {
				ASSETCATALOG_COMPILER_APPICON_NAME = AppIcon;
				INFOPLIST_FILE = WeatherApp/Info.plist;
				LD_RUNPATH_SEARCH_PATHS = "$(inherited) @executable_path/Frameworks";
				PRODUCT_BUNDLE_IDENTIFIER = com.vikram.WeatherApp;
				PRODUCT_NAME = "$(TARGET_NAME)";
			};
			name = Release;
		};
/* End XCBuildConfiguration section */

/* Begin XCConfigurationList section */
		ACF8528C1C0B93250015FDF7 /* Build configuration list for PBXProject "WeatherApp" */ = {
			isa = XCConfigurationList;
			buildConfigurations = (
				ACF852A11C0B93250015FDF7 /* Debug */,
				ACF852A21C0B93250015FDF7 /* Release */,
			);
			defaultConfigurationIsVisible = 0;
			defaultConfigurationName = Release;
		};
		ACF852A31C0B93250015FDF7 /* Build configuration list for PBXNativeTarget "WeatherApp" */ = {
			isa = XCConfigurationList;
			buildConfigurations = (
				ACF852A41C0B93250015FDF7 /* Debug */,
				ACF852A51C0B93250015FDF7 /* Release */,
			);
			defaultConfigurationIsVisible = 0;
			defaultConfigurationName = Release;
		};
/* End XCConfigurationList section */
	};
	rootObject = ACF852891C0B93250015FDF7 /* Project object */;
}
